PODS:
  - OHHTTPStubs (5.2.3):
    - OHHTTPStubs/Default (= 5.2.3)
  - OHHTTPStubs/Core (5.2.3)
  - OHHTTPStubs/Default (5.2.3):
    - OHHTTPStubs/Core
    - OHHTTPStubs/JSON
    - OHHTTPStubs/NSURLSession
    - OHHTTPStubs/OHPathHelpers
  - OHHTTPStubs/JSON (5.2.3):
    - OHHTTPStubs/Core
  - OHHTTPStubs/NSURLSession (5.2.3):
    - OHHTTPStubs/Core
  - OHHTTPStubs/OHPathHelpers (5.2.3)
  - Protobuf (3.2.0)

DEPENDENCIES:
  - OHHTTPStubs (~> 5.2)
  - Protobuf (~> 3.2.0)

SPEC CHECKSUMS:
  OHHTTPStubs: e238cd5b66d8efa51c861db45895de8fe079f4a7
  Protobuf: 745f59e122e5de98d4d7ef291e264a0eef80f58e

PODFILE CHECKSUM: 0f7a3b3eec79284dc7915ad2f2dadd397d7e0254

COCOAPODS: 1.2.0
