// !$*UTF8*$!
{
	archiveVersion = 1;
	classes = {
	};
	objectVersion = 48;
	objects = {

/* Begin PBXAggregateTarget section */
		1B2CCB291E7B01A000B6FBC2 /* CSNative-Universal */ = {
			isa = PBXAggregateTarget;
			buildConfigurationList = 1B2CCB2A1E7B01A000B6FBC2 /* Build configuration list for PBXAggregateTarget "CSNative-Universal" */;
			buildPhases = (
				1B2CCB2D1E7B01C100B6FBC2 /* ShellScript */,
			);
			dependencies = (
			);
			name = "CSNative-Universal";
			productName = "CSNative-Universal";
		};
/* End PBXAggregateTarget section */

/* Begin PBXBuildFile section */
		1B2CCB131E79E0C800B6FBC2 /* CSNAdRequest.h in Headers */ = {isa = PBXBuildFile; fileRef = 1B2CCB111E79E0C800B6FBC2 /* CSNAdRequest.h */; settings = {ATTRIBUTES = (Public, ); }; };
		1B2CCB141E79E0C800B6FBC2 /* CSNAdRequest.m in Sources */ = {isa = PBXBuildFile; fileRef = 1B2CCB121E79E0C800B6FBC2 /* CSNAdRequest.m */; };
		1B555FCF1E60A3F800FE1C08 /* CSNative.framework in Frameworks */ = {isa = PBXBuildFile; fileRef = 1B555FC51E60A3F800FE1C08 /* CSNative.framework */; };
		1B555FD61E60A3F800FE1C08 /* CSNative.h in Headers */ = {isa = PBXBuildFile; fileRef = 1B555FC81E60A3F800FE1C08 /* CSNative.h */; settings = {ATTRIBUTES = (Public, ); }; };
		1B555FE11E60A60E00FE1C08 /* CSNClient.h in Headers */ = {isa = PBXBuildFile; fileRef = 1B555FDF1E60A60E00FE1C08 /* CSNClient.h */; settings = {ATTRIBUTES = (Public, ); }; };
		1B555FE51E60A6B500FE1C08 /* CSNHttpClient.h in Headers */ = {isa = PBXBuildFile; fileRef = 1B555FE31E60A6B500FE1C08 /* CSNHttpClient.h */; settings = {ATTRIBUTES = (Public, ); }; };
		1B555FE61E60A6B500FE1C08 /* CSNHttpClient.m in Sources */ = {isa = PBXBuildFile; fileRef = 1B555FE41E60A6B500FE1C08 /* CSNHttpClient.m */; };
		1B555FED1E60AD7A00FE1C08 /* Csnmessages.pbobjc.h in Headers */ = {isa = PBXBuildFile; fileRef = 1B555FEB1E60AD7A00FE1C08 /* Csnmessages.pbobjc.h */; settings = {ATTRIBUTES = (Public, ); }; };
		1B555FEE1E60AD7A00FE1C08 /* Csnmessages.pbobjc.m in Sources */ = {isa = PBXBuildFile; fileRef = 1B555FEC1E60AD7A00FE1C08 /* Csnmessages.pbobjc.m */; settings = {COMPILER_FLAGS = "-fno-objc-arc"; }; };
		1B555FF01E60B0B500FE1C08 /* CSNHttpClientTest.m in Sources */ = {isa = PBXBuildFile; fileRef = 1B555FEF1E60B0B500FE1C08 /* CSNHttpClientTest.m */; };
		1B555FF91E61134500FE1C08 /* CSNLogoView.h in Headers */ = {isa = PBXBuildFile; fileRef = 1B555FF71E61134500FE1C08 /* CSNLogoView.h */; settings = {ATTRIBUTES = (Public, ); }; };
		1B555FFA1E61134500FE1C08 /* CSNLogoView.m in Sources */ = {isa = PBXBuildFile; fileRef = 1B555FF81E61134500FE1C08 /* CSNLogoView.m */; };
		1B5560491E61F2FB00FE1C08 /* cs.png in Resources */ = {isa = PBXBuildFile; fileRef = 1B5560481E61F2FB00FE1C08 /* cs.png */; };
		1B5560561E648AC200FE1C08 /* CSNAdsController.h in Headers */ = {isa = PBXBuildFile; fileRef = 1B5560541E648AC200FE1C08 /* CSNAdsController.h */; settings = {ATTRIBUTES = (Public, ); }; };
		1B5560571E648AC200FE1C08 /* CSNAdsController.m in Sources */ = {isa = PBXBuildFile; fileRef = 1B5560551E648AC200FE1C08 /* CSNAdsController.m */; };
		1B5560591E64989B00FE1C08 /* CSNAdsControllerTest.m in Sources */ = {isa = PBXBuildFile; fileRef = 1B5560581E64989B00FE1C08 /* CSNAdsControllerTest.m */; };
		1B55605F1E65037B00FE1C08 /* CSNAd.h in Headers */ = {isa = PBXBuildFile; fileRef = 1B55605D1E65037B00FE1C08 /* CSNAd.h */; settings = {ATTRIBUTES = (Public, ); }; };
		1B5560601E65037B00FE1C08 /* CSNAd.m in Sources */ = {isa = PBXBuildFile; fileRef = 1B55605E1E65037B00FE1C08 /* CSNAd.m */; };
		1B5560631E65FD2A00FE1C08 /* CSNComponentView.h in Headers */ = {isa = PBXBuildFile; fileRef = 1B5560621E65FD2A00FE1C08 /* CSNComponentView.h */; settings = {ATTRIBUTES = (Public, ); }; };
		1B5560661E66053100FE1C08 /* CSNHeadlineView.h in Headers */ = {isa = PBXBuildFile; fileRef = 1B5560641E66053100FE1C08 /* CSNHeadlineView.h */; settings = {ATTRIBUTES = (Public, ); }; };
		1B5560671E66053100FE1C08 /* CSNHeadlineView.m in Sources */ = {isa = PBXBuildFile; fileRef = 1B5560651E66053100FE1C08 /* CSNHeadlineView.m */; };
		1B5560691E6611DD00FE1C08 /* CSNAdTest.m in Sources */ = {isa = PBXBuildFile; fileRef = 1B5560681E6611DD00FE1C08 /* CSNAdTest.m */; };
		1B5560701E67423F00FE1C08 /* CSNStopTuple.h in Headers */ = {isa = PBXBuildFile; fileRef = 1B55606E1E67423F00FE1C08 /* CSNStopTuple.h */; settings = {ATTRIBUTES = (Public, ); }; };
		1B5560711E67423F00FE1C08 /* CSNStopTuple.m in Sources */ = {isa = PBXBuildFile; fileRef = 1B55606F1E67423F00FE1C08 /* CSNStopTuple.m */; };
		1B5560731E67424F00FE1C08 /* CSNStopTupleTests.m in Sources */ = {isa = PBXBuildFile; fileRef = 1B5560721E67424F00FE1C08 /* CSNStopTupleTests.m */; };
		1B5560761E6742E700FE1C08 /* CSNMockClient.h in Headers */ = {isa = PBXBuildFile; fileRef = 1B5560741E6742E700FE1C08 /* CSNMockClient.h */; settings = {ATTRIBUTES = (Public, ); }; };
		1B5560771E6742E700FE1C08 /* CSNMockClient.m in Sources */ = {isa = PBXBuildFile; fileRef = 1B5560751E6742E700FE1C08 /* CSNMockClient.m */; };
		1B5560791E67497100FE1C08 /* CSNLogoViewTests.m in Sources */ = {isa = PBXBuildFile; fileRef = 1B5560781E67497100FE1C08 /* CSNLogoViewTests.m */; };
		1B55607E1E6E06D600FE1C08 /* CSNTitleViewTests.m in Sources */ = {isa = PBXBuildFile; fileRef = 1B55607D1E6E06D600FE1C08 /* CSNTitleViewTests.m */; };
		1BC79FB41E71EE92008D146A /* CSNVisibilityMonitor.h in Headers */ = {isa = PBXBuildFile; fileRef = 1BC79FB21E71EE92008D146A /* CSNVisibilityMonitor.h */; settings = {ATTRIBUTES = (Public, ); }; };
		1BC79FB51E71EE92008D146A /* CSNVisibilityMonitor.m in Sources */ = {isa = PBXBuildFile; fileRef = 1BC79FB31E71EE92008D146A /* CSNVisibilityMonitor.m */; };
		1BC79FB71E73332C008D146A /* CSNVisibilityMonitorTest.m in Sources */ = {isa = PBXBuildFile; fileRef = 1BC79FB61E73332C008D146A /* CSNVisibilityMonitorTest.m */; };
		450CEE9BA1525442C8718883 /* Pods_CSNativeTests.framework in Frameworks */ = {isa = PBXBuildFile; fileRef = EE17F149E54E79C0A0DD74A1 /* Pods_CSNativeTests.framework */; };
		7F1E0B231E89B25F00498B76 /* CSNSecondaryActionView.h in Headers */ = {isa = PBXBuildFile; fileRef = 7F1E0B211E89B25F00498B76 /* CSNSecondaryActionView.h */; settings = {ATTRIBUTES = (Public, ); }; };
		7F1E0B241E89B25F00498B76 /* CSNSecondaryActionView.m in Sources */ = {isa = PBXBuildFile; fileRef = 7F1E0B221E89B25F00498B76 /* CSNSecondaryActionView.m */; };
		7F21139D1E843DF30096DA45 /* CSNActionView.h in Headers */ = {isa = PBXBuildFile; fileRef = 7F21139B1E843DF30096DA45 /* CSNActionView.h */; settings = {ATTRIBUTES = (Public, ); }; };
		7F21139E1E843DF30096DA45 /* CSNActionView.m in Sources */ = {isa = PBXBuildFile; fileRef = 7F21139C1E843DF30096DA45 /* CSNActionView.m */; };
		7F26303E1E819A38001F36D6 /* CSNModalWindow.h in Headers */ = {isa = PBXBuildFile; fileRef = 7F26303C1E819A38001F36D6 /* CSNModalWindow.h */; settings = {ATTRIBUTES = (Public, ); }; };
		7F26303F1E819A38001F36D6 /* CSNModalWindow.m in Sources */ = {isa = PBXBuildFile; fileRef = 7F26303D1E819A38001F36D6 /* CSNModalWindow.m */; };
		7F2630411E819B75001F36D6 /* close_interstitial_card.png in Resources */ = {isa = PBXBuildFile; fileRef = 7F2630401E819B75001F36D6 /* close_interstitial_card.png */; };
		7F26304A1E81B2A6001F36D6 /* CSNHeroView.h in Headers */ = {isa = PBXBuildFile; fileRef = 7F2630481E81B2A6001F36D6 /* CSNHeroView.h */; settings = {ATTRIBUTES = (Public, ); }; };
		7F26304B1E81B2A6001F36D6 /* CSNHeroView.m in Sources */ = {isa = PBXBuildFile; fileRef = 7F2630491E81B2A6001F36D6 /* CSNHeroView.m */; };
		7F26306B1E81CC01001F36D6 /* CSNHeroViewTests.m in Sources */ = {isa = PBXBuildFile; fileRef = 7F26306A1E81CC01001F36D6 /* CSNHeroViewTests.m */; };
		7F26309C1E82F667001F36D6 /* CSNBodyView.h in Headers */ = {isa = PBXBuildFile; fileRef = 7F26309A1E82F667001F36D6 /* CSNBodyView.h */; settings = {ATTRIBUTES = (Public, ); }; };
		7F26309D1E82F667001F36D6 /* CSNBodyView.m in Sources */ = {isa = PBXBuildFile; fileRef = 7F26309B1E82F667001F36D6 /* CSNBodyView.m */; };
		7F2630AF1E83045A001F36D6 /* CSNAdvertiserView.h in Headers */ = {isa = PBXBuildFile; fileRef = 7F2630AD1E83045A001F36D6 /* CSNAdvertiserView.h */; settings = {ATTRIBUTES = (Public, ); }; };
		7F2630B01E83045A001F36D6 /* CSNAdvertiserView.m in Sources */ = {isa = PBXBuildFile; fileRef = 7F2630AE1E83045A001F36D6 /* CSNAdvertiserView.m */; };
		7F2630BF1E8317D8001F36D6 /* CSNTransitTitleView.h in Headers */ = {isa = PBXBuildFile; fileRef = 7F2630BD1E8317D8001F36D6 /* CSNTransitTitleView.h */; settings = {ATTRIBUTES = (Public, ); }; };
		7F2630C01E8317D8001F36D6 /* CSNTransitTitleView.m in Sources */ = {isa = PBXBuildFile; fileRef = 7F2630BE1E8317D8001F36D6 /* CSNTransitTitleView.m */; };
		7F2630C91E831B95001F36D6 /* CSNTransitSubtitleView.h in Headers */ = {isa = PBXBuildFile; fileRef = 7F2630C71E831B95001F36D6 /* CSNTransitSubtitleView.h */; settings = {ATTRIBUTES = (Public, ); }; };
		7F2630CA1E831B95001F36D6 /* CSNTransitSubtitleView.m in Sources */ = {isa = PBXBuildFile; fileRef = 7F2630C81E831B95001F36D6 /* CSNTransitSubtitleView.m */; };
		BFD4D671F72DB355E089E1E2 /* Pods_CSNative.framework in Frameworks */ = {isa = PBXBuildFile; fileRef = D23200ADBD9A081E804130FF /* Pods_CSNative.framework */; };
/* End PBXBuildFile section */

/* Begin PBXContainerItemProxy section */
		1B555FD01E60A3F800FE1C08 /* PBXContainerItemProxy */ = {
			isa = PBXContainerItemProxy;
			containerPortal = 1B555FBC1E60A3F800FE1C08 /* Project object */;
			proxyType = 1;
			remoteGlobalIDString = 1B555FC41E60A3F800FE1C08;
			remoteInfo = CSNative;
		};
/* End PBXContainerItemProxy section */

/* Begin PBXFileReference section */
		1B2CCB111E79E0C800B6FBC2 /* CSNAdRequest.h */ = {isa = PBXFileReference; fileEncoding = 4; lastKnownFileType = sourcecode.c.h; path = CSNAdRequest.h; sourceTree = "<group>"; };
		1B2CCB121E79E0C800B6FBC2 /* CSNAdRequest.m */ = {isa = PBXFileReference; fileEncoding = 4; lastKnownFileType = sourcecode.c.objc; path = CSNAdRequest.m; sourceTree = "<group>"; };
		1B2CCB2E1E7B020B00B6FBC2 /* universal.sh */ = {isa = PBXFileReference; lastKnownFileType = text.script.sh; path = universal.sh; sourceTree = "<group>"; };
		1B555FC51E60A3F800FE1C08 /* CSNative.framework */ = {isa = PBXFileReference; explicitFileType = wrapper.framework; includeInIndex = 0; path = CSNative.framework; sourceTree = BUILT_PRODUCTS_DIR; };
		1B555FC81E60A3F800FE1C08 /* CSNative.h */ = {isa = PBXFileReference; lastKnownFileType = sourcecode.c.h; path = CSNative.h; sourceTree = "<group>"; };
		1B555FC91E60A3F800FE1C08 /* Info.plist */ = {isa = PBXFileReference; lastKnownFileType = text.plist.xml; path = Info.plist; sourceTree = "<group>"; };
		1B555FCE1E60A3F800FE1C08 /* CSNativeTests.xctest */ = {isa = PBXFileReference; explicitFileType = wrapper.cfbundle; includeInIndex = 0; path = CSNativeTests.xctest; sourceTree = BUILT_PRODUCTS_DIR; };
		1B555FD51E60A3F800FE1C08 /* Info.plist */ = {isa = PBXFileReference; lastKnownFileType = text.plist.xml; path = Info.plist; sourceTree = "<group>"; };
		1B555FDF1E60A60E00FE1C08 /* CSNClient.h */ = {isa = PBXFileReference; fileEncoding = 4; lastKnownFileType = sourcecode.c.h; path = CSNClient.h; sourceTree = "<group>"; };
		1B555FE31E60A6B500FE1C08 /* CSNHttpClient.h */ = {isa = PBXFileReference; fileEncoding = 4; lastKnownFileType = sourcecode.c.h; path = CSNHttpClient.h; sourceTree = "<group>"; };
		1B555FE41E60A6B500FE1C08 /* CSNHttpClient.m */ = {isa = PBXFileReference; fileEncoding = 4; lastKnownFileType = sourcecode.c.objc; path = CSNHttpClient.m; sourceTree = "<group>"; };
		1B555FEB1E60AD7A00FE1C08 /* Csnmessages.pbobjc.h */ = {isa = PBXFileReference; fileEncoding = 4; lastKnownFileType = sourcecode.c.h; path = Csnmessages.pbobjc.h; sourceTree = "<group>"; };
		1B555FEC1E60AD7A00FE1C08 /* Csnmessages.pbobjc.m */ = {isa = PBXFileReference; fileEncoding = 4; lastKnownFileType = sourcecode.c.objc; path = Csnmessages.pbobjc.m; sourceTree = "<group>"; };
		1B555FEF1E60B0B500FE1C08 /* CSNHttpClientTest.m */ = {isa = PBXFileReference; fileEncoding = 4; lastKnownFileType = sourcecode.c.objc; path = CSNHttpClientTest.m; sourceTree = "<group>"; };
		1B555FF71E61134500FE1C08 /* CSNLogoView.h */ = {isa = PBXFileReference; fileEncoding = 4; lastKnownFileType = sourcecode.c.h; path = CSNLogoView.h; sourceTree = "<group>"; };
		1B555FF81E61134500FE1C08 /* CSNLogoView.m */ = {isa = PBXFileReference; fileEncoding = 4; lastKnownFileType = sourcecode.c.objc; path = CSNLogoView.m; sourceTree = "<group>"; };
		1B5560481E61F2FB00FE1C08 /* cs.png */ = {isa = PBXFileReference; lastKnownFileType = image.png; path = cs.png; sourceTree = "<group>"; };
		1B5560541E648AC200FE1C08 /* CSNAdsController.h */ = {isa = PBXFileReference; fileEncoding = 4; lastKnownFileType = sourcecode.c.h; path = CSNAdsController.h; sourceTree = "<group>"; };
		1B5560551E648AC200FE1C08 /* CSNAdsController.m */ = {isa = PBXFileReference; fileEncoding = 4; lastKnownFileType = sourcecode.c.objc; path = CSNAdsController.m; sourceTree = "<group>"; };
		1B5560581E64989B00FE1C08 /* CSNAdsControllerTest.m */ = {isa = PBXFileReference; fileEncoding = 4; lastKnownFileType = sourcecode.c.objc; path = CSNAdsControllerTest.m; sourceTree = "<group>"; };
		1B55605D1E65037B00FE1C08 /* CSNAd.h */ = {isa = PBXFileReference; fileEncoding = 4; lastKnownFileType = sourcecode.c.h; path = CSNAd.h; sourceTree = "<group>"; };
		1B55605E1E65037B00FE1C08 /* CSNAd.m */ = {isa = PBXFileReference; fileEncoding = 4; lastKnownFileType = sourcecode.c.objc; path = CSNAd.m; sourceTree = "<group>"; };
		1B5560621E65FD2A00FE1C08 /* CSNComponentView.h */ = {isa = PBXFileReference; fileEncoding = 4; lastKnownFileType = sourcecode.c.h; path = CSNComponentView.h; sourceTree = "<group>"; };
		1B5560641E66053100FE1C08 /* CSNHeadlineView.h */ = {isa = PBXFileReference; fileEncoding = 4; lastKnownFileType = sourcecode.c.h; path = CSNHeadlineView.h; sourceTree = "<group>"; };
		1B5560651E66053100FE1C08 /* CSNHeadlineView.m */ = {isa = PBXFileReference; fileEncoding = 4; lastKnownFileType = sourcecode.c.objc; path = CSNHeadlineView.m; sourceTree = "<group>"; };
		1B5560681E6611DD00FE1C08 /* CSNAdTest.m */ = {isa = PBXFileReference; fileEncoding = 4; lastKnownFileType = sourcecode.c.objc; path = CSNAdTest.m; sourceTree = "<group>"; };
		1B55606E1E67423F00FE1C08 /* CSNStopTuple.h */ = {isa = PBXFileReference; fileEncoding = 4; lastKnownFileType = sourcecode.c.h; path = CSNStopTuple.h; sourceTree = "<group>"; };
		1B55606F1E67423F00FE1C08 /* CSNStopTuple.m */ = {isa = PBXFileReference; fileEncoding = 4; lastKnownFileType = sourcecode.c.objc; path = CSNStopTuple.m; sourceTree = "<group>"; };
		1B5560721E67424F00FE1C08 /* CSNStopTupleTests.m */ = {isa = PBXFileReference; fileEncoding = 4; lastKnownFileType = sourcecode.c.objc; path = CSNStopTupleTests.m; sourceTree = "<group>"; };
		1B5560741E6742E700FE1C08 /* CSNMockClient.h */ = {isa = PBXFileReference; fileEncoding = 4; lastKnownFileType = sourcecode.c.h; path = CSNMockClient.h; sourceTree = "<group>"; };
		1B5560751E6742E700FE1C08 /* CSNMockClient.m */ = {isa = PBXFileReference; fileEncoding = 4; lastKnownFileType = sourcecode.c.objc; path = CSNMockClient.m; sourceTree = "<group>"; };
		1B5560781E67497100FE1C08 /* CSNLogoViewTests.m */ = {isa = PBXFileReference; fileEncoding = 4; lastKnownFileType = sourcecode.c.objc; path = CSNLogoViewTests.m; sourceTree = "<group>"; };
		1B55607D1E6E06D600FE1C08 /* CSNTitleViewTests.m */ = {isa = PBXFileReference; fileEncoding = 4; lastKnownFileType = sourcecode.c.objc; path = CSNTitleViewTests.m; sourceTree = "<group>"; };
		1BC79FB21E71EE92008D146A /* CSNVisibilityMonitor.h */ = {isa = PBXFileReference; fileEncoding = 4; lastKnownFileType = sourcecode.c.h; path = CSNVisibilityMonitor.h; sourceTree = "<group>"; };
		1BC79FB31E71EE92008D146A /* CSNVisibilityMonitor.m */ = {isa = PBXFileReference; fileEncoding = 4; lastKnownFileType = sourcecode.c.objc; path = CSNVisibilityMonitor.m; sourceTree = "<group>"; };
		1BC79FB61E73332C008D146A /* CSNVisibilityMonitorTest.m */ = {isa = PBXFileReference; fileEncoding = 4; lastKnownFileType = sourcecode.c.objc; path = CSNVisibilityMonitorTest.m; sourceTree = "<group>"; };
		5501E0D3CBC17B50D64846B3 /* Pods-CSNativeTests.release.xcconfig */ = {isa = PBXFileReference; includeInIndex = 1; lastKnownFileType = text.xcconfig; name = "Pods-CSNativeTests.release.xcconfig"; path = "Pods/Target Support Files/Pods-CSNativeTests/Pods-CSNativeTests.release.xcconfig"; sourceTree = "<group>"; };
		5F7B3C7CA7AA5D2380F846BD /* Pods-CSNative.debug.xcconfig */ = {isa = PBXFileReference; includeInIndex = 1; lastKnownFileType = text.xcconfig; name = "Pods-CSNative.debug.xcconfig"; path = "Pods/Target Support Files/Pods-CSNative/Pods-CSNative.debug.xcconfig"; sourceTree = "<group>"; };
		7F1E0B211E89B25F00498B76 /* CSNSecondaryActionView.h */ = {isa = PBXFileReference; fileEncoding = 4; lastKnownFileType = sourcecode.c.h; path = CSNSecondaryActionView.h; sourceTree = "<group>"; };
		7F1E0B221E89B25F00498B76 /* CSNSecondaryActionView.m */ = {isa = PBXFileReference; fileEncoding = 4; lastKnownFileType = sourcecode.c.objc; path = CSNSecondaryActionView.m; sourceTree = "<group>"; };
		7F21139B1E843DF30096DA45 /* CSNActionView.h */ = {isa = PBXFileReference; fileEncoding = 4; lastKnownFileType = sourcecode.c.h; path = CSNActionView.h; sourceTree = "<group>"; };
		7F21139C1E843DF30096DA45 /* CSNActionView.m */ = {isa = PBXFileReference; fileEncoding = 4; lastKnownFileType = sourcecode.c.objc; path = CSNActionView.m; sourceTree = "<group>"; };
		7F26303C1E819A38001F36D6 /* CSNModalWindow.h */ = {isa = PBXFileReference; fileEncoding = 4; lastKnownFileType = sourcecode.c.h; path = CSNModalWindow.h; sourceTree = "<group>"; };
		7F26303D1E819A38001F36D6 /* CSNModalWindow.m */ = {isa = PBXFileReference; fileEncoding = 4; lastKnownFileType = sourcecode.c.objc; path = CSNModalWindow.m; sourceTree = "<group>"; };
		7F2630401E819B75001F36D6 /* close_interstitial_card.png */ = {isa = PBXFileReference; lastKnownFileType = image.png; path = close_interstitial_card.png; sourceTree = "<group>"; };
		7F2630481E81B2A6001F36D6 /* CSNHeroView.h */ = {isa = PBXFileReference; fileEncoding = 4; lastKnownFileType = sourcecode.c.h; path = CSNHeroView.h; sourceTree = "<group>"; };
		7F2630491E81B2A6001F36D6 /* CSNHeroView.m */ = {isa = PBXFileReference; fileEncoding = 4; lastKnownFileType = sourcecode.c.objc; path = CSNHeroView.m; sourceTree = "<group>"; };
		7F26306A1E81CC01001F36D6 /* CSNHeroViewTests.m */ = {isa = PBXFileReference; fileEncoding = 4; lastKnownFileType = sourcecode.c.objc; path = CSNHeroViewTests.m; sourceTree = "<group>"; };
		7F26309A1E82F667001F36D6 /* CSNBodyView.h */ = {isa = PBXFileReference; fileEncoding = 4; lastKnownFileType = sourcecode.c.h; path = CSNBodyView.h; sourceTree = "<group>"; };
		7F26309B1E82F667001F36D6 /* CSNBodyView.m */ = {isa = PBXFileReference; fileEncoding = 4; lastKnownFileType = sourcecode.c.objc; path = CSNBodyView.m; sourceTree = "<group>"; };
		7F2630AD1E83045A001F36D6 /* CSNAdvertiserView.h */ = {isa = PBXFileReference; fileEncoding = 4; lastKnownFileType = sourcecode.c.h; path = CSNAdvertiserView.h; sourceTree = "<group>"; };
		7F2630AE1E83045A001F36D6 /* CSNAdvertiserView.m */ = {isa = PBXFileReference; fileEncoding = 4; lastKnownFileType = sourcecode.c.objc; path = CSNAdvertiserView.m; sourceTree = "<group>"; };
		7F2630BD1E8317D8001F36D6 /* CSNTransitTitleView.h */ = {isa = PBXFileReference; fileEncoding = 4; lastKnownFileType = sourcecode.c.h; path = CSNTransitTitleView.h; sourceTree = "<group>"; };
		7F2630BE1E8317D8001F36D6 /* CSNTransitTitleView.m */ = {isa = PBXFileReference; fileEncoding = 4; lastKnownFileType = sourcecode.c.objc; path = CSNTransitTitleView.m; sourceTree = "<group>"; };
		7F2630C71E831B95001F36D6 /* CSNTransitSubtitleView.h */ = {isa = PBXFileReference; fileEncoding = 4; lastKnownFileType = sourcecode.c.h; path = CSNTransitSubtitleView.h; sourceTree = "<group>"; };
		7F2630C81E831B95001F36D6 /* CSNTransitSubtitleView.m */ = {isa = PBXFileReference; fileEncoding = 4; lastKnownFileType = sourcecode.c.objc; path = CSNTransitSubtitleView.m; sourceTree = "<group>"; };
		8850AC2CB18382AAF0651534 /* Pods-CSNativeTests.debug.xcconfig */ = {isa = PBXFileReference; includeInIndex = 1; lastKnownFileType = text.xcconfig; name = "Pods-CSNativeTests.debug.xcconfig"; path = "Pods/Target Support Files/Pods-CSNativeTests/Pods-CSNativeTests.debug.xcconfig"; sourceTree = "<group>"; };
		9597F9B0B621D1ACFA1B1820 /* Pods-CSNative.release.xcconfig */ = {isa = PBXFileReference; includeInIndex = 1; lastKnownFileType = text.xcconfig; name = "Pods-CSNative.release.xcconfig"; path = "Pods/Target Support Files/Pods-CSNative/Pods-CSNative.release.xcconfig"; sourceTree = "<group>"; };
		D23200ADBD9A081E804130FF /* Pods_CSNative.framework */ = {isa = PBXFileReference; explicitFileType = wrapper.framework; includeInIndex = 0; path = Pods_CSNative.framework; sourceTree = BUILT_PRODUCTS_DIR; };
		EE17F149E54E79C0A0DD74A1 /* Pods_CSNativeTests.framework */ = {isa = PBXFileReference; explicitFileType = wrapper.framework; includeInIndex = 0; path = Pods_CSNativeTests.framework; sourceTree = BUILT_PRODUCTS_DIR; };
/* End PBXFileReference section */

/* Begin PBXFrameworksBuildPhase section */
		1B555FC11E60A3F800FE1C08 /* Frameworks */ = {
			isa = PBXFrameworksBuildPhase;
			buildActionMask = 2147483647;
			files = (
				BFD4D671F72DB355E089E1E2 /* Pods_CSNative.framework in Frameworks */,
			);
			runOnlyForDeploymentPostprocessing = 0;
		};
		1B555FCB1E60A3F800FE1C08 /* Frameworks */ = {
			isa = PBXFrameworksBuildPhase;
			buildActionMask = 2147483647;
			files = (
				1B555FCF1E60A3F800FE1C08 /* CSNative.framework in Frameworks */,
				450CEE9BA1525442C8718883 /* Pods_CSNativeTests.framework in Frameworks */,
			);
			runOnlyForDeploymentPostprocessing = 0;
		};
/* End PBXFrameworksBuildPhase section */

/* Begin PBXGroup section */
		1B555FBB1E60A3F800FE1C08 = {
			isa = PBXGroup;
			children = (
				1B2CCB2E1E7B020B00B6FBC2 /* universal.sh */,
				1B555FC71E60A3F800FE1C08 /* CSNative */,
				1B555FD21E60A3F800FE1C08 /* CSNativeTests */,
				1B555FC61E60A3F800FE1C08 /* Products */,
				29316F865201E2BEF9310F81 /* Pods */,
				49A28E3F387401C9A5CECCE8 /* Frameworks */,
			);
			sourceTree = "<group>";
		};
		1B555FC61E60A3F800FE1C08 /* Products */ = {
			isa = PBXGroup;
			children = (
				1B555FC51E60A3F800FE1C08 /* CSNative.framework */,
				1B555FCE1E60A3F800FE1C08 /* CSNativeTests.xctest */,
			);
			name = Products;
			sourceTree = "<group>";
		};
		1B555FC71E60A3F800FE1C08 /* CSNative */ = {
			isa = PBXGroup;
			children = (
				7F2630401E819B75001F36D6 /* close_interstitial_card.png */,
				1B5560481E61F2FB00FE1C08 /* cs.png */,
				1B555FEB1E60AD7A00FE1C08 /* Csnmessages.pbobjc.h */,
				1B555FEC1E60AD7A00FE1C08 /* Csnmessages.pbobjc.m */,
				1B555FE31E60A6B500FE1C08 /* CSNHttpClient.h */,
				1B555FE41E60A6B500FE1C08 /* CSNHttpClient.m */,
				1B555FC81E60A3F800FE1C08 /* CSNative.h */,
				1B555FC91E60A3F800FE1C08 /* Info.plist */,
				1B555FDF1E60A60E00FE1C08 /* CSNClient.h */,
				1B555FF71E61134500FE1C08 /* CSNLogoView.h */,
				1B555FF81E61134500FE1C08 /* CSNLogoView.m */,
				1B5560541E648AC200FE1C08 /* CSNAdsController.h */,
				1B5560551E648AC200FE1C08 /* CSNAdsController.m */,
				1B55605D1E65037B00FE1C08 /* CSNAd.h */,
				1B55605E1E65037B00FE1C08 /* CSNAd.m */,
				1B5560621E65FD2A00FE1C08 /* CSNComponentView.h */,
				7F2630BD1E8317D8001F36D6 /* CSNTransitTitleView.h */,
				7F2630BE1E8317D8001F36D6 /* CSNTransitTitleView.m */,
				7F2630C71E831B95001F36D6 /* CSNTransitSubtitleView.h */,
				7F2630C81E831B95001F36D6 /* CSNTransitSubtitleView.m */,
				1B5560641E66053100FE1C08 /* CSNHeadlineView.h */,
				1B5560651E66053100FE1C08 /* CSNHeadlineView.m */,
				7F26309A1E82F667001F36D6 /* CSNBodyView.h */,
				7F26309B1E82F667001F36D6 /* CSNBodyView.m */,
				7F2630AD1E83045A001F36D6 /* CSNAdvertiserView.h */,
				7F2630AE1E83045A001F36D6 /* CSNAdvertiserView.m */,
				1B55606E1E67423F00FE1C08 /* CSNStopTuple.h */,
				1B55606F1E67423F00FE1C08 /* CSNStopTuple.m */,
				1B5560741E6742E700FE1C08 /* CSNMockClient.h */,
				1B5560751E6742E700FE1C08 /* CSNMockClient.m */,
				1BC79FB21E71EE92008D146A /* CSNVisibilityMonitor.h */,
				1BC79FB31E71EE92008D146A /* CSNVisibilityMonitor.m */,
				1B2CCB111E79E0C800B6FBC2 /* CSNAdRequest.h */,
				1B2CCB121E79E0C800B6FBC2 /* CSNAdRequest.m */,
				7F26303C1E819A38001F36D6 /* CSNModalWindow.h */,
				7F26303D1E819A38001F36D6 /* CSNModalWindow.m */,
				7F2630481E81B2A6001F36D6 /* CSNHeroView.h */,
				7F2630491E81B2A6001F36D6 /* CSNHeroView.m */,
				7F21139B1E843DF30096DA45 /* CSNActionView.h */,
				7F21139C1E843DF30096DA45 /* CSNActionView.m */,
				7F1E0B211E89B25F00498B76 /* CSNSecondaryActionView.h */,
				7F1E0B221E89B25F00498B76 /* CSNSecondaryActionView.m */,
			);
			path = CSNative;
			sourceTree = "<group>";
		};
		1B555FD21E60A3F800FE1C08 /* CSNativeTests */ = {
			isa = PBXGroup;
			children = (
				1B555FEF1E60B0B500FE1C08 /* CSNHttpClientTest.m */,
				1B555FD51E60A3F800FE1C08 /* Info.plist */,
				1B5560581E64989B00FE1C08 /* CSNAdsControllerTest.m */,
				1B5560681E6611DD00FE1C08 /* CSNAdTest.m */,
				1B5560721E67424F00FE1C08 /* CSNStopTupleTests.m */,
				1B5560781E67497100FE1C08 /* CSNLogoViewTests.m */,
				1B55607D1E6E06D600FE1C08 /* CSNTitleViewTests.m */,
				1BC79FB61E73332C008D146A /* CSNVisibilityMonitorTest.m */,
				7F26306A1E81CC01001F36D6 /* CSNHeroViewTests.m */,
			);
			path = CSNativeTests;
			sourceTree = "<group>";
		};
		29316F865201E2BEF9310F81 /* Pods */ = {
			isa = PBXGroup;
			children = (
				5F7B3C7CA7AA5D2380F846BD /* Pods-CSNative.debug.xcconfig */,
				9597F9B0B621D1ACFA1B1820 /* Pods-CSNative.release.xcconfig */,
				8850AC2CB18382AAF0651534 /* Pods-CSNativeTests.debug.xcconfig */,
				5501E0D3CBC17B50D64846B3 /* Pods-CSNativeTests.release.xcconfig */,
			);
			name = Pods;
			sourceTree = "<group>";
		};
		49A28E3F387401C9A5CECCE8 /* Frameworks */ = {
			isa = PBXGroup;
			children = (
				D23200ADBD9A081E804130FF /* Pods_CSNative.framework */,
				EE17F149E54E79C0A0DD74A1 /* Pods_CSNativeTests.framework */,
			);
			name = Frameworks;
			sourceTree = "<group>";
		};
/* End PBXGroup section */

/* Begin PBXHeadersBuildPhase section */
		1B555FC21E60A3F800FE1C08 /* Headers */ = {
			isa = PBXHeadersBuildPhase;
			buildActionMask = 2147483647;
			files = (
				1B5560701E67423F00FE1C08 /* CSNStopTuple.h in Headers */,
				7F2630AF1E83045A001F36D6 /* CSNAdvertiserView.h in Headers */,
				7F2630C91E831B95001F36D6 /* CSNTransitSubtitleView.h in Headers */,
				7F2630BF1E8317D8001F36D6 /* CSNTransitTitleView.h in Headers */,
				1B5560761E6742E700FE1C08 /* CSNMockClient.h in Headers */,
				7F1E0B231E89B25F00498B76 /* CSNSecondaryActionView.h in Headers */,
				1B555FF91E61134500FE1C08 /* CSNLogoView.h in Headers */,
				7F26304A1E81B2A6001F36D6 /* CSNHeroView.h in Headers */,
				1B5560661E66053100FE1C08 /* CSNHeadlineView.h in Headers */,
				7F21139D1E843DF30096DA45 /* CSNActionView.h in Headers */,
				1B2CCB131E79E0C800B6FBC2 /* CSNAdRequest.h in Headers */,
				1BC79FB41E71EE92008D146A /* CSNVisibilityMonitor.h in Headers */,
				1B555FED1E60AD7A00FE1C08 /* Csnmessages.pbobjc.h in Headers */,
				1B555FE51E60A6B500FE1C08 /* CSNHttpClient.h in Headers */,
				1B5560561E648AC200FE1C08 /* CSNAdsController.h in Headers */,
				1B5560631E65FD2A00FE1C08 /* CSNComponentView.h in Headers */,
				1B555FE11E60A60E00FE1C08 /* CSNClient.h in Headers */,
				7F26309C1E82F667001F36D6 /* CSNBodyView.h in Headers */,
				7F26303E1E819A38001F36D6 /* CSNModalWindow.h in Headers */,
				1B55605F1E65037B00FE1C08 /* CSNAd.h in Headers */,
				1B555FD61E60A3F800FE1C08 /* CSNative.h in Headers */,
			);
			runOnlyForDeploymentPostprocessing = 0;
		};
/* End PBXHeadersBuildPhase section */

/* Begin PBXNativeTarget section */
		1B555FC41E60A3F800FE1C08 /* CSNative */ = {
			isa = PBXNativeTarget;
			buildConfigurationList = 1B555FD91E60A3F800FE1C08 /* Build configuration list for PBXNativeTarget "CSNative" */;
			buildPhases = (
				C935A7410876734CFBFAB21B /* [CP] Check Pods Manifest.lock */,
				1B555FC01E60A3F800FE1C08 /* Sources */,
				1B555FC11E60A3F800FE1C08 /* Frameworks */,
				1B555FC21E60A3F800FE1C08 /* Headers */,
				1B555FC31E60A3F800FE1C08 /* Resources */,
				53ECB3980E6212C75AE9AADD /* [CP] Copy Pods Resources */,
			);
			buildRules = (
			);
			dependencies = (
			);
			name = CSNative;
			productName = CSNative;
			productReference = 1B555FC51E60A3F800FE1C08 /* CSNative.framework */;
			productType = "com.apple.product-type.framework";
		};
		1B555FCD1E60A3F800FE1C08 /* CSNativeTests */ = {
			isa = PBXNativeTarget;
			buildConfigurationList = 1B555FDC1E60A3F800FE1C08 /* Build configuration list for PBXNativeTarget "CSNativeTests" */;
			buildPhases = (
				8C1E4D36A8B596239F6F97AE /* [CP] Check Pods Manifest.lock */,
				1B555FCA1E60A3F800FE1C08 /* Sources */,
				1B555FCB1E60A3F800FE1C08 /* Frameworks */,
				1B555FCC1E60A3F800FE1C08 /* Resources */,
				7D9A4CB488578301D1684405 /* [CP] Embed Pods Frameworks */,
				E71B2CFFCFAFD967DB733F2C /* [CP] Copy Pods Resources */,
			);
			buildRules = (
			);
			dependencies = (
				1B555FD11E60A3F800FE1C08 /* PBXTargetDependency */,
			);
			name = CSNativeTests;
			productName = CSNativeTests;
			productReference = 1B555FCE1E60A3F800FE1C08 /* CSNativeTests.xctest */;
			productType = "com.apple.product-type.bundle.unit-test";
		};
/* End PBXNativeTarget section */

/* Begin PBXProject section */
		1B555FBC1E60A3F800FE1C08 /* Project object */ = {
			isa = PBXProject;
			attributes = {
				KnownAssetTags = (
					1,
					2,
				);
				LastUpgradeCheck = 0820;
				ORGANIZATIONNAME = CommuteStream;
				TargetAttributes = {
					1B2CCB291E7B01A000B6FBC2 = {
						CreatedOnToolsVersion = 8.2.1;
						ProvisioningStyle = Automatic;
					};
					1B555FC41E60A3F800FE1C08 = {
						CreatedOnToolsVersion = 8.2.1;
						ProvisioningStyle = Automatic;
					};
					1B555FCD1E60A3F800FE1C08 = {
						CreatedOnToolsVersion = 8.2.1;
						ProvisioningStyle = Automatic;
					};
				};
			};
			buildConfigurationList = 1B555FBF1E60A3F800FE1C08 /* Build configuration list for PBXProject "CSNative" */;
			compatibilityVersion = "Xcode 8.0";
			developmentRegion = English;
			hasScannedForEncodings = 0;
			knownRegions = (
				en,
			);
			mainGroup = 1B555FBB1E60A3F800FE1C08;
			productRefGroup = 1B555FC61E60A3F800FE1C08 /* Products */;
			projectDirPath = "";
			projectRoot = "";
			targets = (
				1B555FC41E60A3F800FE1C08 /* CSNative */,
				1B555FCD1E60A3F800FE1C08 /* CSNativeTests */,
				1B2CCB291E7B01A000B6FBC2 /* CSNative-Universal */,
			);
		};
/* End PBXProject section */

/* Begin PBXResourcesBuildPhase section */
		1B555FC31E60A3F800FE1C08 /* Resources */ = {
			isa = PBXResourcesBuildPhase;
			buildActionMask = 2147483647;
			files = (
				7F2630411E819B75001F36D6 /* close_interstitial_card.png in Resources */,
				1B5560491E61F2FB00FE1C08 /* cs.png in Resources */,
			);
			runOnlyForDeploymentPostprocessing = 0;
		};
		1B555FCC1E60A3F800FE1C08 /* Resources */ = {
			isa = PBXResourcesBuildPhase;
			buildActionMask = 2147483647;
			files = (
			);
			runOnlyForDeploymentPostprocessing = 0;
		};
/* End PBXResourcesBuildPhase section */

/* Begin PBXShellScriptBuildPhase section */
		1B2CCB2D1E7B01C100B6FBC2 /* ShellScript */ = {
			isa = PBXShellScriptBuildPhase;
			buildActionMask = 2147483647;
			files = (
			);
			inputPaths = (
			);
			outputPaths = (
			);
			runOnlyForDeploymentPostprocessing = 0;
			shellPath = /bin/sh;
			shellScript = "#!/bin/sh\n\n######################\n# Options\n######################\n\nREVEAL_ARCHIVE_IN_FINDER=false\n\nFRAMEWORK_NAME=\"${PROJECT_NAME}\"\n\nSIMULATOR_LIBRARY_PATH=\"${BUILD_DIR}/${CONFIGURATION}-iphonesimulator/${FRAMEWORK_NAME}.framework\"\n\nDEVICE_LIBRARY_PATH=\"${BUILD_DIR}/${CONFIGURATION}-iphoneos/${FRAMEWORK_NAME}.framework\"\n\nUNIVERSAL_LIBRARY_DIR=\"${BUILD_DIR}/${CONFIGURATION}-iphoneuniversal\"\n\nFRAMEWORK=\"${UNIVERSAL_LIBRARY_DIR}/${FRAMEWORK_NAME}.framework\"\n\n\n######################\n# Build Frameworks\n######################\n\nxcodebuild -workspace ${PROJECT_NAME}.xcworkspace -scheme ${PROJECT_NAME} -sdk iphonesimulator -configuration ${CONFIGURATION} clean build CONFIGURATION_BUILD_DIR=${BUILD_DIR}/${CONFIGURATION}-iphonesimulator 2>&1\n\nxcodebuild -workspace ${PROJECT_NAME}.xcworkspace -scheme ${PROJECT_NAME} -sdk iphoneos -configuration ${CONFIGURATION} clean build CONFIGURATION_BUILD_DIR=${BUILD_DIR}/${CONFIGURATION}-iphoneos 2>&1\n\n######################\n# Create directory for universal\n######################\n\nrm -rf \"${UNIVERSAL_LIBRARY_DIR}\"\n\nmkdir \"${UNIVERSAL_LIBRARY_DIR}\"\n\nmkdir \"${FRAMEWORK}\"\n\n\n######################\n# Copy files Framework\n######################\n\ncp -r \"${DEVICE_LIBRARY_PATH}/.\" \"${FRAMEWORK}\"\n\n\n######################\n# Make an universal binary\n######################\n\nlipo \"${SIMULATOR_LIBRARY_PATH}/${FRAMEWORK_NAME}\" \"${DEVICE_LIBRARY_PATH}/${FRAMEWORK_NAME}\" -create -output \"${FRAMEWORK}/${FRAMEWORK_NAME}\" | echo\n\n# For Swift framework, Swiftmodule needs to be copied in the universal framework\nif [ -d \"${SIMULATOR_LIBRARY_PATH}/Modules/${FRAMEWORK_NAME}.swiftmodule/\" ]; then\ncp -f ${SIMULATOR_LIBRARY_PATH}/Modules/${FRAMEWORK_NAME}.swiftmodule/* \"${FRAMEWORK}/Modules/${FRAMEWORK_NAME}.swiftmodule/\" | echo\n                                                                      fi\n                                                                      \n                                                                      if [ -d \"${DEVICE_LIBRARY_PATH}/Modules/${FRAMEWORK_NAME}.swiftmodule/\" ]; then\n                                                                      cp -f ${DEVICE_LIBRARY_PATH}/Modules/${FRAMEWORK_NAME}.swiftmodule/* \"${FRAMEWORK}/Modules/${FRAMEWORK_NAME}.swiftmodule/\" | echo\n                                                                      fi\n                                                                      \n                                                                      ######################\n                                                                      # On Release, copy the result to release directory\n                                                                      ######################\n                                                                      OUTPUT_DIR=\"${PROJECT_DIR}/Output/${FRAMEWORK_NAME}-${CONFIGURATION}-iphoneuniversal/\"\n                                                                      \n                                                                      rm -rf \"$OUTPUT_DIR\"\n                                                                      mkdir -p \"$OUTPUT_DIR\"\n                                                                      \n                                                                      cp -r \"${FRAMEWORK}\" \"$OUTPUT_DIR\"\n                                                                      \n                                                                      if [ ${REVEAL_ARCHIVE_IN_FINDER} = true ]; then\n                                                                      open \"${OUTPUT_DIR}/\"\n                                                                      fi";
		};
		53ECB3980E6212C75AE9AADD /* [CP] Copy Pods Resources */ = {
			isa = PBXShellScriptBuildPhase;
			buildActionMask = 2147483647;
			files = (
			);
			inputPaths = (
			);
			name = "[CP] Copy Pods Resources";
			outputPaths = (
			);
			runOnlyForDeploymentPostprocessing = 0;
			shellPath = /bin/sh;
			shellScript = "\"${SRCROOT}/Pods/Target Support Files/Pods-CSNative/Pods-CSNative-resources.sh\"\n";
			showEnvVarsInLog = 0;
		};
		7D9A4CB488578301D1684405 /* [CP] Embed Pods Frameworks */ = {
			isa = PBXShellScriptBuildPhase;
			buildActionMask = 2147483647;
			files = (
			);
			inputPaths = (
			);
			name = "[CP] Embed Pods Frameworks";
			outputPaths = (
			);
			runOnlyForDeploymentPostprocessing = 0;
			shellPath = /bin/sh;
			shellScript = "\"${SRCROOT}/Pods/Target Support Files/Pods-CSNativeTests/Pods-CSNativeTests-frameworks.sh\"\n";
			showEnvVarsInLog = 0;
		};
		8C1E4D36A8B596239F6F97AE /* [CP] Check Pods Manifest.lock */ = {
			isa = PBXShellScriptBuildPhase;
			buildActionMask = 2147483647;
			files = (
			);
			inputPaths = (
			);
			name = "[CP] Check Pods Manifest.lock";
			outputPaths = (
			);
			runOnlyForDeploymentPostprocessing = 0;
			shellPath = /bin/sh;
			shellScript = "diff \"${PODS_ROOT}/../Podfile.lock\" \"${PODS_ROOT}/Manifest.lock\" > /dev/null\nif [ $? != 0 ] ; then\n    # print error to STDERR\n    echo \"error: The sandbox is not in sync with the Podfile.lock. Run 'pod install' or update your CocoaPods installation.\" >&2\n    exit 1\nfi\n";
			showEnvVarsInLog = 0;
		};
		C935A7410876734CFBFAB21B /* [CP] Check Pods Manifest.lock */ = {
			isa = PBXShellScriptBuildPhase;
			buildActionMask = 2147483647;
			files = (
			);
			inputPaths = (
			);
			name = "[CP] Check Pods Manifest.lock";
			outputPaths = (
			);
			runOnlyForDeploymentPostprocessing = 0;
			shellPath = /bin/sh;
			shellScript = "diff \"${PODS_ROOT}/../Podfile.lock\" \"${PODS_ROOT}/Manifest.lock\" > /dev/null\nif [ $? != 0 ] ; then\n    # print error to STDERR\n    echo \"error: The sandbox is not in sync with the Podfile.lock. Run 'pod install' or update your CocoaPods installation.\" >&2\n    exit 1\nfi\n";
			showEnvVarsInLog = 0;
		};
		E71B2CFFCFAFD967DB733F2C /* [CP] Copy Pods Resources */ = {
			isa = PBXShellScriptBuildPhase;
			buildActionMask = 2147483647;
			files = (
			);
			inputPaths = (
			);
			name = "[CP] Copy Pods Resources";
			outputPaths = (
			);
			runOnlyForDeploymentPostprocessing = 0;
			shellPath = /bin/sh;
			shellScript = "\"${SRCROOT}/Pods/Target Support Files/Pods-CSNativeTests/Pods-CSNativeTests-resources.sh\"\n";
			showEnvVarsInLog = 0;
		};
/* End PBXShellScriptBuildPhase section */

/* Begin PBXSourcesBuildPhase section */
		1B555FC01E60A3F800FE1C08 /* Sources */ = {
			isa = PBXSourcesBuildPhase;
			buildActionMask = 2147483647;
			files = (
				7F2630CA1E831B95001F36D6 /* CSNTransitSubtitleView.m in Sources */,
				7F1E0B241E89B25F00498B76 /* CSNSecondaryActionView.m in Sources */,
				1B555FFA1E61134500FE1C08 /* CSNLogoView.m in Sources */,
				7F26304B1E81B2A6001F36D6 /* CSNHeroView.m in Sources */,
				1B555FE61E60A6B500FE1C08 /* CSNHttpClient.m in Sources */,
				1B5560671E66053100FE1C08 /* CSNHeadlineView.m in Sources */,
				7F21139E1E843DF30096DA45 /* CSNActionView.m in Sources */,
				7F2630B01E83045A001F36D6 /* CSNAdvertiserView.m in Sources */,
				7F26309D1E82F667001F36D6 /* CSNBodyView.m in Sources */,
				7F2630C01E8317D8001F36D6 /* CSNTransitTitleView.m in Sources */,
				1B5560601E65037B00FE1C08 /* CSNAd.m in Sources */,
				1B5560711E67423F00FE1C08 /* CSNStopTuple.m in Sources */,
				1B5560571E648AC200FE1C08 /* CSNAdsController.m in Sources */,
				1B555FEE1E60AD7A00FE1C08 /* Csnmessages.pbobjc.m in Sources */,
				1B5560771E6742E700FE1C08 /* CSNMockClient.m in Sources */,
				1BC79FB51E71EE92008D146A /* CSNVisibilityMonitor.m in Sources */,
				7F26303F1E819A38001F36D6 /* CSNModalWindow.m in Sources */,
				1B2CCB141E79E0C800B6FBC2 /* CSNAdRequest.m in Sources */,
			);
			runOnlyForDeploymentPostprocessing = 0;
		};
		1B555FCA1E60A3F800FE1C08 /* Sources */ = {
			isa = PBXSourcesBuildPhase;
			buildActionMask = 2147483647;
			files = (
				1B5560591E64989B00FE1C08 /* CSNAdsControllerTest.m in Sources */,
				1B5560691E6611DD00FE1C08 /* CSNAdTest.m in Sources */,
				1BC79FB71E73332C008D146A /* CSNVisibilityMonitorTest.m in Sources */,
				1B555FF01E60B0B500FE1C08 /* CSNHttpClientTest.m in Sources */,
				1B5560791E67497100FE1C08 /* CSNLogoViewTests.m in Sources */,
				7F26306B1E81CC01001F36D6 /* CSNHeroViewTests.m in Sources */,
				1B55607E1E6E06D600FE1C08 /* CSNTitleViewTests.m in Sources */,
				1B5560731E67424F00FE1C08 /* CSNStopTupleTests.m in Sources */,
			);
			runOnlyForDeploymentPostprocessing = 0;
		};
/* End PBXSourcesBuildPhase section */

/* Begin PBXTargetDependency section */
		1B555FD11E60A3F800FE1C08 /* PBXTargetDependency */ = {
			isa = PBXTargetDependency;
			target = 1B555FC41E60A3F800FE1C08 /* CSNative */;
			targetProxy = 1B555FD01E60A3F800FE1C08 /* PBXContainerItemProxy */;
		};
/* End PBXTargetDependency section */

/* Begin XCBuildConfiguration section */
		1B2CCB2B1E7B01A000B6FBC2 /* Debug */ = {
			isa = XCBuildConfiguration;
			buildSettings = {
				PRODUCT_NAME = "$(TARGET_NAME)";
			};
			name = Debug;
		};
		1B2CCB2C1E7B01A000B6FBC2 /* Release */ = {
			isa = XCBuildConfiguration;
			buildSettings = {
				PRODUCT_NAME = "$(TARGET_NAME)";
			};
			name = Release;
		};
		1B555FD71E60A3F800FE1C08 /* Debug */ = {
			isa = XCBuildConfiguration;
			buildSettings = {
				ALWAYS_SEARCH_USER_PATHS = NO;
				CLANG_ANALYZER_NONNULL = YES;
				CLANG_CXX_LANGUAGE_STANDARD = "gnu++0x";
				CLANG_CXX_LIBRARY = "libc++";
				CLANG_ENABLE_MODULES = YES;
				CLANG_ENABLE_OBJC_ARC = YES;
				CLANG_WARN_BOOL_CONVERSION = YES;
				CLANG_WARN_CONSTANT_CONVERSION = YES;
				CLANG_WARN_DIRECT_OBJC_ISA_USAGE = YES_ERROR;
				CLANG_WARN_DOCUMENTATION_COMMENTS = YES;
				CLANG_WARN_EMPTY_BODY = YES;
				CLANG_WARN_ENUM_CONVERSION = YES;
				CLANG_WARN_INFINITE_RECURSION = YES;
				CLANG_WARN_INT_CONVERSION = YES;
				CLANG_WARN_OBJC_ROOT_CLASS = YES_ERROR;
				CLANG_WARN_SUSPICIOUS_MOVE = YES;
				CLANG_WARN_UNREACHABLE_CODE = YES;
				CLANG_WARN__DUPLICATE_METHOD_MATCH = YES;
				"CODE_SIGN_IDENTITY[sdk=iphoneos*]" = "iPhone Developer";
				COPY_PHASE_STRIP = NO;
				CURRENT_PROJECT_VERSION = 1;
				DEBUG_INFORMATION_FORMAT = dwarf;
				ENABLE_STRICT_OBJC_MSGSEND = YES;
				ENABLE_TESTABILITY = YES;
				GCC_C_LANGUAGE_STANDARD = gnu99;
				GCC_DYNAMIC_NO_PIC = NO;
				GCC_NO_COMMON_BLOCKS = YES;
				GCC_OPTIMIZATION_LEVEL = 0;
				GCC_PREPROCESSOR_DEFINITIONS = (
					"DEBUG=1",
					"$(inherited)",
				);
				GCC_WARN_64_TO_32_BIT_CONVERSION = YES;
				GCC_WARN_ABOUT_RETURN_TYPE = YES_ERROR;
				GCC_WARN_UNDECLARED_SELECTOR = YES;
				GCC_WARN_UNINITIALIZED_AUTOS = YES_AGGRESSIVE;
				GCC_WARN_UNUSED_FUNCTION = YES;
				GCC_WARN_UNUSED_VARIABLE = YES;
				IPHONEOS_DEPLOYMENT_TARGET = 8.0;
				MTL_ENABLE_DEBUG_INFO = YES;
				ONLY_ACTIVE_ARCH = YES;
				SDKROOT = iphoneos;
				TARGETED_DEVICE_FAMILY = "1,2";
				VERSIONING_SYSTEM = "apple-generic";
				VERSION_INFO_PREFIX = "";
			};
			name = Debug;
		};
		1B555FD81E60A3F800FE1C08 /* Release */ = {
			isa = XCBuildConfiguration;
			buildSettings = {
				ALWAYS_SEARCH_USER_PATHS = NO;
				CLANG_ANALYZER_NONNULL = YES;
				CLANG_CXX_LANGUAGE_STANDARD = "gnu++0x";
				CLANG_CXX_LIBRARY = "libc++";
				CLANG_ENABLE_MODULES = YES;
				CLANG_ENABLE_OBJC_ARC = YES;
				CLANG_WARN_BOOL_CONVERSION = YES;
				CLANG_WARN_CONSTANT_CONVERSION = YES;
				CLANG_WARN_DIRECT_OBJC_ISA_USAGE = YES_ERROR;
				CLANG_WARN_DOCUMENTATION_COMMENTS = YES;
				CLANG_WARN_EMPTY_BODY = YES;
				CLANG_WARN_ENUM_CONVERSION = YES;
				CLANG_WARN_INFINITE_RECURSION = YES;
				CLANG_WARN_INT_CONVERSION = YES;
				CLANG_WARN_OBJC_ROOT_CLASS = YES_ERROR;
				CLANG_WARN_SUSPICIOUS_MOVE = YES;
				CLANG_WARN_UNREACHABLE_CODE = YES;
				CLANG_WARN__DUPLICATE_METHOD_MATCH = YES;
				"CODE_SIGN_IDENTITY[sdk=iphoneos*]" = "iPhone Developer";
				COPY_PHASE_STRIP = NO;
				CURRENT_PROJECT_VERSION = 1;
				DEBUG_INFORMATION_FORMAT = "dwarf-with-dsym";
				ENABLE_NS_ASSERTIONS = NO;
				ENABLE_STRICT_OBJC_MSGSEND = YES;
				GCC_C_LANGUAGE_STANDARD = gnu99;
				GCC_NO_COMMON_BLOCKS = YES;
				GCC_WARN_64_TO_32_BIT_CONVERSION = YES;
				GCC_WARN_ABOUT_RETURN_TYPE = YES_ERROR;
				GCC_WARN_UNDECLARED_SELECTOR = YES;
				GCC_WARN_UNINITIALIZED_AUTOS = YES_AGGRESSIVE;
				GCC_WARN_UNUSED_FUNCTION = YES;
				GCC_WARN_UNUSED_VARIABLE = YES;
				IPHONEOS_DEPLOYMENT_TARGET = 8.0;
				MTL_ENABLE_DEBUG_INFO = NO;
				SDKROOT = iphoneos;
				TARGETED_DEVICE_FAMILY = "1,2";
				VALIDATE_PRODUCT = YES;
				VERSIONING_SYSTEM = "apple-generic";
				VERSION_INFO_PREFIX = "";
			};
			name = Release;
		};
		1B555FDA1E60A3F800FE1C08 /* Debug */ = {
			isa = XCBuildConfiguration;
			baseConfigurationReference = 5F7B3C7CA7AA5D2380F846BD /* Pods-CSNative.debug.xcconfig */;
			buildSettings = {
				CODE_SIGN_IDENTITY = "";
				DEFINES_MODULE = YES;
				DYLIB_COMPATIBILITY_VERSION = 1;
				DYLIB_CURRENT_VERSION = 1;
				DYLIB_INSTALL_NAME_BASE = "@rpath";
				INFOPLIST_FILE = CSNative/Info.plist;
				INSTALL_PATH = "$(LOCAL_LIBRARY_DIR)/Frameworks";
				LD_RUNPATH_SEARCH_PATHS = "$(inherited) @executable_path/Frameworks @loader_path/Frameworks";
				PRODUCT_BUNDLE_IDENTIFIER = com.commutestream.native.CSNative;
				PRODUCT_NAME = "$(TARGET_NAME)";
				SKIP_INSTALL = YES;
			};
			name = Debug;
		};
		1B555FDB1E60A3F800FE1C08 /* Release */ = {
			isa = XCBuildConfiguration;
			baseConfigurationReference = 9597F9B0B621D1ACFA1B1820 /* Pods-CSNative.release.xcconfig */;
			buildSettings = {
				CODE_SIGN_IDENTITY = "";
				DEFINES_MODULE = YES;
				DYLIB_COMPATIBILITY_VERSION = 1;
				DYLIB_CURRENT_VERSION = 1;
				DYLIB_INSTALL_NAME_BASE = "@rpath";
				INFOPLIST_FILE = CSNative/Info.plist;
				INSTALL_PATH = "$(LOCAL_LIBRARY_DIR)/Frameworks";
				LD_RUNPATH_SEARCH_PATHS = "$(inherited) @executable_path/Frameworks @loader_path/Frameworks";
				PRODUCT_BUNDLE_IDENTIFIER = com.commutestream.native.CSNative;
				PRODUCT_NAME = "$(TARGET_NAME)";
				SKIP_INSTALL = YES;
			};
			name = Release;
		};
		1B555FDD1E60A3F800FE1C08 /* Debug */ = {
			isa = XCBuildConfiguration;
			baseConfigurationReference = 8850AC2CB18382AAF0651534 /* Pods-CSNativeTests.debug.xcconfig */;
			buildSettings = {
				INFOPLIST_FILE = CSNativeTests/Info.plist;
				LD_RUNPATH_SEARCH_PATHS = "$(inherited) @executable_path/Frameworks @loader_path/Frameworks";
				PRODUCT_BUNDLE_IDENTIFIER = com.commutestream.native.CSNativeTests;
				PRODUCT_NAME = "$(TARGET_NAME)";
			};
			name = Debug;
		};
		1B555FDE1E60A3F800FE1C08 /* Release */ = {
			isa = XCBuildConfiguration;
			baseConfigurationReference = 5501E0D3CBC17B50D64846B3 /* Pods-CSNativeTests.release.xcconfig */;
			buildSettings = {
				INFOPLIST_FILE = CSNativeTests/Info.plist;
				LD_RUNPATH_SEARCH_PATHS = "$(inherited) @executable_path/Frameworks @loader_path/Frameworks";
				PRODUCT_BUNDLE_IDENTIFIER = com.commutestream.native.CSNativeTests;
				PRODUCT_NAME = "$(TARGET_NAME)";
			};
			name = Release;
		};
/* End XCBuildConfiguration section */

/* Begin XCConfigurationList section */
		1B2CCB2A1E7B01A000B6FBC2 /* Build configuration list for PBXAggregateTarget "CSNative-Universal" */ = {
			isa = XCConfigurationList;
			buildConfigurations = (
				1B2CCB2B1E7B01A000B6FBC2 /* Debug */,
				1B2CCB2C1E7B01A000B6FBC2 /* Release */,
			);
			defaultConfigurationIsVisible = 0;
			defaultConfigurationName = Release;
		};
		1B555FBF1E60A3F800FE1C08 /* Build configuration list for PBXProject "CSNative" */ = {
			isa = XCConfigurationList;
			buildConfigurations = (
				1B555FD71E60A3F800FE1C08 /* Debug */,
				1B555FD81E60A3F800FE1C08 /* Release */,
			);
			defaultConfigurationIsVisible = 0;
			defaultConfigurationName = Release;
		};
		1B555FD91E60A3F800FE1C08 /* Build configuration list for PBXNativeTarget "CSNative" */ = {
			isa = XCConfigurationList;
			buildConfigurations = (
				1B555FDA1E60A3F800FE1C08 /* Debug */,
				1B555FDB1E60A3F800FE1C08 /* Release */,
			);
			defaultConfigurationIsVisible = 0;
			defaultConfigurationName = Release;
		};
		1B555FDC1E60A3F800FE1C08 /* Build configuration list for PBXNativeTarget "CSNativeTests" */ = {
			isa = XCConfigurationList;
			buildConfigurations = (
				1B555FDD1E60A3F800FE1C08 /* Debug */,
				1B555FDE1E60A3F800FE1C08 /* Release */,
			);
			defaultConfigurationIsVisible = 0;
			defaultConfigurationName = Release;
		};
/* End XCConfigurationList section */
	};
	rootObject = 1B555FBC1E60A3F800FE1C08 /* Project object */;
}
